
Microsoft Visual Studio Solution File, Format Version 12.00
# Visual Studio Version 16
VisualStudioVersion = 16.0.30011.22
MinimumVisualStudioVersion = 10.0.40219.1
Project("{FAE04EC0-301F-11D3-BF4B-00C04F79EFBC}") = "Proyecto_Ventas_BD", "Proyecto_Ventas_BD\Proyecto_Ventas_BD.csproj", "{EBD79E53-D3F6-40F7-9933-9D5FB8F57220}"
EndProject
Global
	GlobalSection(SolutionConfigurationPlatforms) = preSolution
		Debug|Any CPU = Debug|Any CPU
		Release|Any CPU = Release|Any CPU
	EndGlobalSection
	GlobalSection(ProjectConfigurationPlatforms) = postSolution
		{EBD79E53-D3F6-40F7-9933-9D5FB8F57220}.Debug|Any CPU.ActiveCfg = Debug|Any CPU
		{EBD79E53-D3F6-40F7-9933-9D5FB8F57220}.Debug|Any CPU.Build.0 = Debug|Any CPU
		{EBD79E53-D3F6-40F7-9933-9D5FB8F57220}.Release|Any CPU.ActiveCfg = Release|Any CPU
		{EBD79E53-D3F6-40F7-9933-9D5FB8F57220}.Release|Any CPU.Build.0 = Release|Any CPU
	EndGlobalSection
	GlobalSection(SolutionProperties) = preSolution
		HideSolutionNode = FALSE
	EndGlobalSection
	GlobalSection(ExtensibilityGlobals) = postSolution
		SolutionGuid = {58D6BB8F-F164-41C0-90A1-CA410656A60A}
	EndGlobalSection
EndGlobal
